
Microsoft Visual Studio Solution File, Format Version 12.00
# Visual Studio Version 17
VisualStudioVersion = 17.8.34330.188
MinimumVisualStudioVersion = 10.0.40219.1
Project("{FAE04EC0-301F-11D3-BF4B-00C04F79EFBC}") = "GRPCNetCore", "GRPCNetCore\GRPCNetCore.csproj", "{85D4B198-97D5-40EA-925B-C2F658B516DC}"
EndProject
Global
	GlobalSection(SolutionConfigurationPlatforms) = preSolution
		Debug|Any CPU = Debug|Any CPU
		Release|Any CPU = Release|Any CPU
	EndGlobalSection
	GlobalSection(ProjectConfigurationPlatforms) = postSolution
		{85D4B198-97D5-40EA-925B-C2F658B516DC}.Debug|Any CPU.ActiveCfg = Debug|Any CPU
		{85D4B198-97D5-40EA-925B-C2F658B516DC}.Debug|Any CPU.Build.0 = Debug|Any CPU
		{85D4B198-97D5-40EA-925B-C2F658B516DC}.Release|Any CPU.ActiveCfg = Release|Any CPU
		{85D4B198-97D5-40EA-925B-C2F658B516DC}.Release|Any CPU.Build.0 = Release|Any CPU
	EndGlobalSection
	GlobalSection(SolutionProperties) = preSolution
		HideSolutionNode = FALSE
	EndGlobalSection
	GlobalSection(ExtensibilityGlobals) = postSolution
		SolutionGuid = {A6573C92-8C86-427D-B845-5B2D6F426035}
	EndGlobalSection
EndGlobal
